
Microsoft Visual Studio Solution File, Format Version 12.00
# Visual Studio Version 17
VisualStudioVersion = 17.6.33815.320
MinimumVisualStudioVersion = 10.0.40219.1
Project("{9A19103F-16F7-4668-BE54-9A1E7A4F7556}") = "RunGroupWebApp", "RunGroupWebApp.csproj", "{E5D13327-77E7-48DD-B9C4-8E2FF22A862B}"
EndProject
Global
	GlobalSection(SolutionConfigurationPlatforms) = preSolution
		Debug|Any CPU = Debug|Any CPU
		Release|Any CPU = Release|Any CPU
	EndGlobalSection
	GlobalSection(ProjectConfigurationPlatforms) = postSolution
		{E5D13327-77E7-48DD-B9C4-8E2FF22A862B}.Debug|Any CPU.ActiveCfg = Debug|Any CPU
		{E5D13327-77E7-48DD-B9C4-8E2FF22A862B}.Debug|Any CPU.Build.0 = Debug|Any CPU
		{E5D13327-77E7-48DD-B9C4-8E2FF22A862B}.Release|Any CPU.ActiveCfg = Release|Any CPU
		{E5D13327-77E7-48DD-B9C4-8E2FF22A862B}.Release|Any CPU.Build.0 = Release|Any CPU
	EndGlobalSection
	GlobalSection(SolutionProperties) = preSolution
		HideSolutionNode = FALSE
	EndGlobalSection
	GlobalSection(ExtensibilityGlobals) = postSolution
		SolutionGuid = {3D45CC81-1C35-4603-BE8D-AFA440D96913}
	EndGlobalSection
EndGlobal
